
Microsoft Visual Studio Solution File, Format Version 12.00
# Visual Studio Version 16
VisualStudioVersion = 16.0.31005.135
MinimumVisualStudioVersion = 10.0.40219.1
Project("{9A19103F-16F7-4668-BE54-9A1E7A4F7556}") = "AuroraNative", "AuroraNative\AuroraNative.csproj", "{35A21EA1-3EA7-45A8-A483-DB83DBEC902E}"
EndProject
Project("{FAE04EC0-301F-11D3-BF4B-00C04F79EFBC}") = "Test", "Test\Test.csproj", "{3F471ABE-3938-4954-BA0F-6F928A35746A}"
EndProject
Global
	GlobalSection(SolutionConfigurationPlatforms) = preSolution
		Debug|Any CPU = Debug|Any CPU
		Release|Any CPU = Release|Any CPU
	EndGlobalSection
	GlobalSection(ProjectConfigurationPlatforms) = postSolution
		{35A21EA1-3EA7-45A8-A483-DB83DBEC902E}.Debug|Any CPU.ActiveCfg = Debug|Any CPU
		{35A21EA1-3EA7-45A8-A483-DB83DBEC902E}.Debug|Any CPU.Build.0 = Debug|Any CPU
		{35A21EA1-3EA7-45A8-A483-DB83DBEC902E}.Release|Any CPU.ActiveCfg = Release|Any CPU
		{35A21EA1-3EA7-45A8-A483-DB83DBEC902E}.Release|Any CPU.Build.0 = Release|Any CPU
		{3F471ABE-3938-4954-BA0F-6F928A35746A}.Debug|Any CPU.ActiveCfg = Debug|Any CPU
		{3F471ABE-3938-4954-BA0F-6F928A35746A}.Debug|Any CPU.Build.0 = Debug|Any CPU
		{3F471ABE-3938-4954-BA0F-6F928A35746A}.Release|Any CPU.ActiveCfg = Release|Any CPU
		{3F471ABE-3938-4954-BA0F-6F928A35746A}.Release|Any CPU.Build.0 = Release|Any CPU
	EndGlobalSection
	GlobalSection(SolutionProperties) = preSolution
		HideSolutionNode = FALSE
	EndGlobalSection
	GlobalSection(ExtensibilityGlobals) = postSolution
		SolutionGuid = {AD5A4B84-B0A3-4859-A598-0373BA18AF9E}
	EndGlobalSection
EndGlobal
